// !$*UTF8*$!
{
	archiveVersion = 1;
	classes = {
	};
	objectVersion = 77;
	objects = {

/* Begin PBXBuildFile section */
		8A0001012FE1000000000001 /* RsyncBandwidthLimitXCTests.swift in Sources */ = {isa = PBXBuildFile; fileRef = 8A0000212FE1000000000001 /* RsyncBandwidthLimitXCTests.swift */; };
		8A0001022FE1000000000001 /* ProgressParserXCTests.swift in Sources */ = {isa = PBXBuildFile; fileRef = 8A0000222FE1000000000001 /* ProgressParserXCTests.swift */; };
		8A0001032FE1000000000001 /* ReportEngineXCTests.swift in Sources */ = {isa = PBXBuildFile; fileRef = 8A0000232FE1000000000001 /* ReportEngineXCTests.swift */; };
		8A0001042FE1000000000001 /* BundledRsyncServiceXCTests.swift in Sources */ = {isa = PBXBuildFile; fileRef = 8A0000242FE1000000000001 /* BundledRsyncServiceXCTests.swift */; };
		8A0001052FE1000000000001 /* MetadataOnlySourceSafetyXCTests.swift in Sources */ = {isa = PBXBuildFile; fileRef = 8A0000252FE1000000000001 /* MetadataOnlySourceSafetyXCTests.swift */; };
		8A0001062FE1000000000001 /* VerificationHashStrategyXCTests.swift in Sources */ = {isa = PBXBuildFile; fileRef = 8A0000262FE1000000000001 /* VerificationHashStrategyXCTests.swift */; };
		8A0001072FE1000000000001 /* TransferViewModelRuntimeXCTests.swift in Sources */ = {isa = PBXBuildFile; fileRef = 8A0000272FE1000000000001 /* TransferViewModelRuntimeXCTests.swift */; };
		8A0001212FE1000000000001 /* FishSockTransfer/Models/RsyncBandwidthLimit.swift in Sources */ = {isa = PBXBuildFile; fileRef = 8A0000412FE1000000000001 /* FishSockTransfer/Models/RsyncBandwidthLimit.swift */; };
		8A0001222FE1000000000001 /* FishSockTransfer/Engines/ProgressParser.swift in Sources */ = {isa = PBXBuildFile; fileRef = 8A0000422FE1000000000001 /* FishSockTransfer/Engines/ProgressParser.swift */; };
		8A0001232FE1000000000001 /* FishSockTransfer/Engines/ReportEngine.swift in Sources */ = {isa = PBXBuildFile; fileRef = 8A0000432FE1000000000001 /* FishSockTransfer/Engines/ReportEngine.swift */; };
		8A0001242FE1000000000001 /* FishSockTransfer/Models/TransferReport.swift in Sources */ = {isa = PBXBuildFile; fileRef = 8A0000442FE1000000000001 /* FishSockTransfer/Models/TransferReport.swift */; };
		8A0001252FE1000000000001 /* FishSockTransfer/Models/TransferState.swift in Sources */ = {isa = PBXBuildFile; fileRef = 8A0000452FE1000000000001 /* FishSockTransfer/Models/TransferState.swift */; };
		8A0001262FE1000000000001 /* FishSockTransfer/Models/VerificationMode.swift in Sources */ = {isa = PBXBuildFile; fileRef = 8A0000462FE1000000000001 /* FishSockTransfer/Models/VerificationMode.swift */; };
		8A0001272FE1000000000001 /* FishSockTransfer/Models/VerificationResult.swift in Sources */ = {isa = PBXBuildFile; fileRef = 8A0000472FE1000000000001 /* FishSockTransfer/Models/VerificationResult.swift */; };
		8A0001282FE1000000000001 /* FishSockTransfer/Models/TransferFileExclusionPolicy.swift in Sources */ = {isa = PBXBuildFile; fileRef = 8A0000482FE1000000000001 /* FishSockTransfer/Models/TransferFileExclusionPolicy.swift */; };
		8A0001292FE1000000000001 /* FishSockTransfer/Services/BundledRsyncService.swift in Sources */ = {isa = PBXBuildFile; fileRef = 8A0000492FE1000000000001 /* FishSockTransfer/Services/BundledRsyncService.swift */; };
		8A00012A2FE1000000000001 /* FishSockTransfer/Models/StorageMetadata.swift in Sources */ = {isa = PBXBuildFile; fileRef = 8A00004A2FE1000000000001 /* FishSockTransfer/Models/StorageMetadata.swift */; };
		8A00012B2FE1000000000001 /* FishSockTransfer/Models/VerificationRequest.swift in Sources */ = {isa = PBXBuildFile; fileRef = 8A00004B2FE1000000000001 /* FishSockTransfer/Models/VerificationRequest.swift */; };
		8A00012C2FE1000000000001 /* FishSockTransfer/Engines/VerificationEvent.swift in Sources */ = {isa = PBXBuildFile; fileRef = 8A00004C2FE1000000000001 /* FishSockTransfer/Engines/VerificationEvent.swift */; };
		8A00012D2FE1000000000001 /* FishSockTransfer/Engines/VerifyEngine.swift in Sources */ = {isa = PBXBuildFile; fileRef = 8A00004D2FE1000000000001 /* FishSockTransfer/Engines/VerifyEngine.swift */; };
		8A00012E2FE1000000000001 /* FishSockTransfer/Services/DriveService.swift in Sources */ = {isa = PBXBuildFile; fileRef = 8A00004E2FE1000000000001 /* FishSockTransfer/Services/DriveService.swift */; };
		8A00012F2FE1000000000001 /* FishSockTransfer/Engines/TransferEvent.swift in Sources */ = {isa = PBXBuildFile; fileRef = 8A00004F2FE1000000000001 /* FishSockTransfer/Engines/TransferEvent.swift */; };
		8A0001302FE1000000000001 /* FishSockTransfer/Models/LogEntry.swift in Sources */ = {isa = PBXBuildFile; fileRef = 8A0000502FE1000000000001 /* FishSockTransfer/Models/LogEntry.swift */; };
		8A0001312FE1000000000001 /* FishSockTransfer/Models/TransferRequest.swift in Sources */ = {isa = PBXBuildFile; fileRef = 8A0000512FE1000000000001 /* FishSockTransfer/Models/TransferRequest.swift */; };
		8A0001322FE1000000000001 /* FishSockTransfer/Services/LoggerService.swift in Sources */ = {isa = PBXBuildFile; fileRef = 8A0000522FE1000000000001 /* FishSockTransfer/Services/LoggerService.swift */; };
		8A0001332FE1000000000001 /* FishSockTransfer/Engines/RsyncEngine.swift in Sources */ = {isa = PBXBuildFile; fileRef = 8A0000532FE1000000000001 /* FishSockTransfer/Engines/RsyncEngine.swift */; };
		8A0001342FE1000000000001 /* FishSockTransfer/Coordinators/TransferCoordinator.swift in Sources */ = {isa = PBXBuildFile; fileRef = 8A0000542FE1000000000001 /* FishSockTransfer/Coordinators/TransferCoordinator.swift */; };
		8A0001352FE1000000000001 /* FishSockTransfer/ViewModels/TransferViewModel.swift in Sources */ = {isa = PBXBuildFile; fileRef = 8A0000552FE1000000000001 /* FishSockTransfer/ViewModels/TransferViewModel.swift */; };
		8A0001362FE1000000000001 /* LogVisibilityFilterXCTests.swift in Sources */ = {isa = PBXBuildFile; fileRef = 8A0000562FE1000000000001 /* LogVisibilityFilterXCTests.swift */; };
		8A0001372FE1000000000001 /* FishSockTransfer/Models/LogVisibilityFilter.swift in Sources */ = {isa = PBXBuildFile; fileRef = 8A0000572FE1000000000001 /* FishSockTransfer/Models/LogVisibilityFilter.swift */; };
		8A0001382FE1000000000001 /* NotificationCoordinatorXCTests.swift in Sources */ = {isa = PBXBuildFile; fileRef = 8A0000582FE1000000000001 /* NotificationCoordinatorXCTests.swift */; };
		8A0001392FE1000000000001 /* FishSockTransfer/Models/NotificationSettings.swift in Sources */ = {isa = PBXBuildFile; fileRef = 8A0000592FE1000000000001 /* FishSockTransfer/Models/NotificationSettings.swift */; };
		8A00013A2FE1000000000001 /* FishSockTransfer/Services/TelegramNotificationService.swift in Sources */ = {isa = PBXBuildFile; fileRef = 8A00005A2FE1000000000001 /* FishSockTransfer/Services/TelegramNotificationService.swift */; };
		8A00013B2FE1000000000001 /* FishSockTransfer/Coordinators/NotificationCoordinator.swift in Sources */ = {isa = PBXBuildFile; fileRef = 8A00005B2FE1000000000001 /* FishSockTransfer/Coordinators/NotificationCoordinator.swift */; };
		8A00013C2FE1000000000001 /* SemanticVersionXCTests.swift in Sources */ = {isa = PBXBuildFile; fileRef = 8A00005C2FE1000000000001 /* SemanticVersionXCTests.swift */; };
		8A00013D2FE1000000000001 /* AppUpdateServiceXCTests.swift in Sources */ = {isa = PBXBuildFile; fileRef = 8A00005D2FE1000000000001 /* AppUpdateServiceXCTests.swift */; };
		8A00013E2FE1000000000001 /* FishSockTransfer/Models/SemanticVersion.swift in Sources */ = {isa = PBXBuildFile; fileRef = 8A00005E2FE1000000000001 /* FishSockTransfer/Models/SemanticVersion.swift */; };
		8A00013F2FE1000000000001 /* FishSockTransfer/Models/AppUpdateState.swift in Sources */ = {isa = PBXBuildFile; fileRef = 8A00005F2FE1000000000001 /* FishSockTransfer/Models/AppUpdateState.swift */; };
		8A0001402FE1000000000001 /* FishSockTransfer/Models/GitHubRelease.swift in Sources */ = {isa = PBXBuildFile; fileRef = 8A0000602FE1000000000001 /* FishSockTransfer/Models/GitHubRelease.swift */; };
		8A0001412FE1000000000001 /* FishSockTransfer/Services/AppUpdateService.swift in Sources */ = {isa = PBXBuildFile; fileRef = 8A0000612FE1000000000001 /* FishSockTransfer/Services/AppUpdateService.swift */; };
/* End PBXBuildFile section */

/* Begin PBXFileReference section */
		7D9475BF2FDF1FF300F41AE2 /* FishSockTransfer.app */ = {isa = PBXFileReference; explicitFileType = wrapper.application; includeInIndex = 0; path = FishSockTransfer.app; sourceTree = BUILT_PRODUCTS_DIR; };
		8A0000012FE1000000000001 /* FishSockTransferTests.xctest */ = {isa = PBXFileReference; explicitFileType = wrapper.cfbundle; includeInIndex = 0; path = FishSockTransferTests.xctest; sourceTree = BUILT_PRODUCTS_DIR; };
		8A0000212FE1000000000001 /* RsyncBandwidthLimitXCTests.swift */ = {isa = PBXFileReference; lastKnownFileType = sourcecode.swift; path = RsyncBandwidthLimitXCTests.swift; sourceTree = "<group>"; };
		8A0000222FE1000000000001 /* ProgressParserXCTests.swift */ = {isa = PBXFileReference; lastKnownFileType = sourcecode.swift; path = ProgressParserXCTests.swift; sourceTree = "<group>"; };
		8A0000232FE1000000000001 /* ReportEngineXCTests.swift */ = {isa = PBXFileReference; lastKnownFileType = sourcecode.swift; path = ReportEngineXCTests.swift; sourceTree = "<group>"; };
		8A0000242FE1000000000001 /* BundledRsyncServiceXCTests.swift */ = {isa = PBXFileReference; lastKnownFileType = sourcecode.swift; path = BundledRsyncServiceXCTests.swift; sourceTree = "<group>"; };
		8A0000252FE1000000000001 /* MetadataOnlySourceSafetyXCTests.swift */ = {isa = PBXFileReference; lastKnownFileType = sourcecode.swift; path = MetadataOnlySourceSafetyXCTests.swift; sourceTree = "<group>"; };
		8A0000262FE1000000000001 /* VerificationHashStrategyXCTests.swift */ = {isa = PBXFileReference; lastKnownFileType = sourcecode.swift; path = VerificationHashStrategyXCTests.swift; sourceTree = "<group>"; };
		8A0000272FE1000000000001 /* TransferViewModelRuntimeXCTests.swift */ = {isa = PBXFileReference; lastKnownFileType = sourcecode.swift; path = TransferViewModelRuntimeXCTests.swift; sourceTree = "<group>"; };
		8A0000412FE1000000000001 /* FishSockTransfer/Models/RsyncBandwidthLimit.swift */ = {isa = PBXFileReference; lastKnownFileType = sourcecode.swift; path = FishSockTransfer/Models/RsyncBandwidthLimit.swift; sourceTree = SOURCE_ROOT; };
		8A0000422FE1000000000001 /* FishSockTransfer/Engines/ProgressParser.swift */ = {isa = PBXFileReference; lastKnownFileType = sourcecode.swift; path = FishSockTransfer/Engines/ProgressParser.swift; sourceTree = SOURCE_ROOT; };
		8A0000432FE1000000000001 /* FishSockTransfer/Engines/ReportEngine.swift */ = {isa = PBXFileReference; lastKnownFileType = sourcecode.swift; path = FishSockTransfer/Engines/ReportEngine.swift; sourceTree = SOURCE_ROOT; };
		8A0000442FE1000000000001 /* FishSockTransfer/Models/TransferReport.swift */ = {isa = PBXFileReference; lastKnownFileType = sourcecode.swift; path = FishSockTransfer/Models/TransferReport.swift; sourceTree = SOURCE_ROOT; };
		8A0000452FE1000000000001 /* FishSockTransfer/Models/TransferState.swift */ = {isa = PBXFileReference; lastKnownFileType = sourcecode.swift; path = FishSockTransfer/Models/TransferState.swift; sourceTree = SOURCE_ROOT; };
		8A0000462FE1000000000001 /* FishSockTransfer/Models/VerificationMode.swift */ = {isa = PBXFileReference; lastKnownFileType = sourcecode.swift; path = FishSockTransfer/Models/VerificationMode.swift; sourceTree = SOURCE_ROOT; };
		8A0000472FE1000000000001 /* FishSockTransfer/Models/VerificationResult.swift */ = {isa = PBXFileReference; lastKnownFileType = sourcecode.swift; path = FishSockTransfer/Models/VerificationResult.swift; sourceTree = SOURCE_ROOT; };
		8A0000482FE1000000000001 /* FishSockTransfer/Models/TransferFileExclusionPolicy.swift */ = {isa = PBXFileReference; lastKnownFileType = sourcecode.swift; path = FishSockTransfer/Models/TransferFileExclusionPolicy.swift; sourceTree = SOURCE_ROOT; };
		8A0000492FE1000000000001 /* FishSockTransfer/Services/BundledRsyncService.swift */ = {isa = PBXFileReference; lastKnownFileType = sourcecode.swift; path = FishSockTransfer/Services/BundledRsyncService.swift; sourceTree = SOURCE_ROOT; };
		8A00004A2FE1000000000001 /* FishSockTransfer/Models/StorageMetadata.swift */ = {isa = PBXFileReference; lastKnownFileType = sourcecode.swift; path = FishSockTransfer/Models/StorageMetadata.swift; sourceTree = SOURCE_ROOT; };
		8A00004B2FE1000000000001 /* FishSockTransfer/Models/VerificationRequest.swift */ = {isa = PBXFileReference; lastKnownFileType = sourcecode.swift; path = FishSockTransfer/Models/VerificationRequest.swift; sourceTree = SOURCE_ROOT; };
		8A00004C2FE1000000000001 /* FishSockTransfer/Engines/VerificationEvent.swift */ = {isa = PBXFileReference; lastKnownFileType = sourcecode.swift; path = FishSockTransfer/Engines/VerificationEvent.swift; sourceTree = SOURCE_ROOT; };
		8A00004D2FE1000000000001 /* FishSockTransfer/Engines/VerifyEngine.swift */ = {isa = PBXFileReference; lastKnownFileType = sourcecode.swift; path = FishSockTransfer/Engines/VerifyEngine.swift; sourceTree = SOURCE_ROOT; };
		8A00004E2FE1000000000001 /* FishSockTransfer/Services/DriveService.swift */ = {isa = PBXFileReference; lastKnownFileType = sourcecode.swift; path = FishSockTransfer/Services/DriveService.swift; sourceTree = SOURCE_ROOT; };
		8A00004F2FE1000000000001 /* FishSockTransfer/Engines/TransferEvent.swift */ = {isa = PBXFileReference; lastKnownFileType = sourcecode.swift; path = FishSockTransfer/Engines/TransferEvent.swift; sourceTree = SOURCE_ROOT; };
		8A0000502FE1000000000001 /* FishSockTransfer/Models/LogEntry.swift */ = {isa = PBXFileReference; lastKnownFileType = sourcecode.swift; path = FishSockTransfer/Models/LogEntry.swift; sourceTree = SOURCE_ROOT; };
		8A0000512FE1000000000001 /* FishSockTransfer/Models/TransferRequest.swift */ = {isa = PBXFileReference; lastKnownFileType = sourcecode.swift; path = FishSockTransfer/Models/TransferRequest.swift; sourceTree = SOURCE_ROOT; };
		8A0000522FE1000000000001 /* FishSockTransfer/Services/LoggerService.swift */ = {isa = PBXFileReference; lastKnownFileType = sourcecode.swift; path = FishSockTransfer/Services/LoggerService.swift; sourceTree = SOURCE_ROOT; };
		8A0000532FE1000000000001 /* FishSockTransfer/Engines/RsyncEngine.swift */ = {isa = PBXFileReference; lastKnownFileType = sourcecode.swift; path = FishSockTransfer/Engines/RsyncEngine.swift; sourceTree = SOURCE_ROOT; };
		8A0000542FE1000000000001 /* FishSockTransfer/Coordinators/TransferCoordinator.swift */ = {isa = PBXFileReference; lastKnownFileType = sourcecode.swift; path = FishSockTransfer/Coordinators/TransferCoordinator.swift; sourceTree = SOURCE_ROOT; };
		8A0000552FE1000000000001 /* FishSockTransfer/ViewModels/TransferViewModel.swift */ = {isa = PBXFileReference; lastKnownFileType = sourcecode.swift; path = FishSockTransfer/ViewModels/TransferViewModel.swift; sourceTree = SOURCE_ROOT; };
		8A0000562FE1000000000001 /* LogVisibilityFilterXCTests.swift */ = {isa = PBXFileReference; lastKnownFileType = sourcecode.swift; path = LogVisibilityFilterXCTests.swift; sourceTree = "<group>"; };
		8A0000572FE1000000000001 /* FishSockTransfer/Models/LogVisibilityFilter.swift */ = {isa = PBXFileReference; lastKnownFileType = sourcecode.swift; path = FishSockTransfer/Models/LogVisibilityFilter.swift; sourceTree = SOURCE_ROOT; };
		8A0000582FE1000000000001 /* NotificationCoordinatorXCTests.swift */ = {isa = PBXFileReference; lastKnownFileType = sourcecode.swift; path = NotificationCoordinatorXCTests.swift; sourceTree = "<group>"; };
		8A0000592FE1000000000001 /* FishSockTransfer/Models/NotificationSettings.swift */ = {isa = PBXFileReference; lastKnownFileType = sourcecode.swift; path = FishSockTransfer/Models/NotificationSettings.swift; sourceTree = SOURCE_ROOT; };
		8A00005A2FE1000000000001 /* FishSockTransfer/Services/TelegramNotificationService.swift */ = {isa = PBXFileReference; lastKnownFileType = sourcecode.swift; path = FishSockTransfer/Services/TelegramNotificationService.swift; sourceTree = SOURCE_ROOT; };
		8A00005B2FE1000000000001 /* FishSockTransfer/Coordinators/NotificationCoordinator.swift */ = {isa = PBXFileReference; lastKnownFileType = sourcecode.swift; path = FishSockTransfer/Coordinators/NotificationCoordinator.swift; sourceTree = SOURCE_ROOT; };
		8A00005C2FE1000000000001 /* SemanticVersionXCTests.swift */ = {isa = PBXFileReference; lastKnownFileType = sourcecode.swift; path = SemanticVersionXCTests.swift; sourceTree = "<group>"; };
		8A00005D2FE1000000000001 /* AppUpdateServiceXCTests.swift */ = {isa = PBXFileReference; lastKnownFileType = sourcecode.swift; path = AppUpdateServiceXCTests.swift; sourceTree = "<group>"; };
		8A00005E2FE1000000000001 /* FishSockTransfer/Models/SemanticVersion.swift */ = {isa = PBXFileReference; lastKnownFileType = sourcecode.swift; path = FishSockTransfer/Models/SemanticVersion.swift; sourceTree = SOURCE_ROOT; };
		8A00005F2FE1000000000001 /* FishSockTransfer/Models/AppUpdateState.swift */ = {isa = PBXFileReference; lastKnownFileType = sourcecode.swift; path = FishSockTransfer/Models/AppUpdateState.swift; sourceTree = SOURCE_ROOT; };
		8A0000602FE1000000000001 /* FishSockTransfer/Models/GitHubRelease.swift */ = {isa = PBXFileReference; lastKnownFileType = sourcecode.swift; path = FishSockTransfer/Models/GitHubRelease.swift; sourceTree = SOURCE_ROOT; };
		8A0000612FE1000000000001 /* FishSockTransfer/Services/AppUpdateService.swift */ = {isa = PBXFileReference; lastKnownFileType = sourcecode.swift; path = FishSockTransfer/Services/AppUpdateService.swift; sourceTree = SOURCE_ROOT; };
/* End PBXFileReference section */

/* Begin PBXFileSystemSynchronizedRootGroup section */
		7D9475C12FDF1FF300F41AE2 /* FishSockTransfer */ = {
			isa = PBXFileSystemSynchronizedRootGroup;
			path = FishSockTransfer;
			sourceTree = "<group>";
		};
/* End PBXFileSystemSynchronizedRootGroup section */

/* Begin PBXFrameworksBuildPhase section */
		7D9475BC2FDF1FF300F41AE2 /* Frameworks */ = {
			isa = PBXFrameworksBuildPhase;
			buildActionMask = 2147483647;
			files = (
			);
			runOnlyForDeploymentPostprocessing = 0;
		};
		8A0000032FE1000000000001 /* Frameworks */ = {
			isa = PBXFrameworksBuildPhase;
			buildActionMask = 2147483647;
			files = (
			);
			runOnlyForDeploymentPostprocessing = 0;
		};
/* End PBXFrameworksBuildPhase section */

/* Begin PBXGroup section */
		7D9475B62FDF1FF300F41AE2 = {
			isa = PBXGroup;
			children = (
				7D9475C12FDF1FF300F41AE2 /* FishSockTransfer */,
				8A0000102FE1000000000001 /* Tests */,
				8A0000302FE1000000000001 /* Test Support Sources */,
				7D9475C02FDF1FF300F41AE2 /* Products */,
			);
			sourceTree = "<group>";
		};
		7D9475C02FDF1FF300F41AE2 /* Products */ = {
			isa = PBXGroup;
			children = (
				7D9475BF2FDF1FF300F41AE2 /* FishSockTransfer.app */,
				8A0000012FE1000000000001 /* FishSockTransferTests.xctest */,
			);
			name = Products;
			sourceTree = "<group>";
		};
		8A0000102FE1000000000001 /* Tests */ = {
			isa = PBXGroup;
			children = (
				8A0000112FE1000000000001 /* XCTest */,
			);
			path = Tests;
			sourceTree = "<group>";
		};
		8A0000112FE1000000000001 /* XCTest */ = {
			isa = PBXGroup;
			children = (
				8A0000212FE1000000000001 /* RsyncBandwidthLimitXCTests.swift */,
				8A0000222FE1000000000001 /* ProgressParserXCTests.swift */,
				8A0000232FE1000000000001 /* ReportEngineXCTests.swift */,
				8A0000242FE1000000000001 /* BundledRsyncServiceXCTests.swift */,
				8A0000252FE1000000000001 /* MetadataOnlySourceSafetyXCTests.swift */,
				8A0000262FE1000000000001 /* VerificationHashStrategyXCTests.swift */,
				8A0000272FE1000000000001 /* TransferViewModelRuntimeXCTests.swift */,
				8A0000562FE1000000000001 /* LogVisibilityFilterXCTests.swift */,
				8A0000582FE1000000000001 /* NotificationCoordinatorXCTests.swift */,
				8A00005C2FE1000000000001 /* SemanticVersionXCTests.swift */,
				8A00005D2FE1000000000001 /* AppUpdateServiceXCTests.swift */,
			);
			path = XCTest;
			sourceTree = "<group>";
		};
		8A0000302FE1000000000001 /* Test Support Sources */ = {
			isa = PBXGroup;
			children = (
				8A0000412FE1000000000001 /* FishSockTransfer/Models/RsyncBandwidthLimit.swift */,
				8A0000422FE1000000000001 /* FishSockTransfer/Engines/ProgressParser.swift */,
				8A0000432FE1000000000001 /* FishSockTransfer/Engines/ReportEngine.swift */,
				8A0000442FE1000000000001 /* FishSockTransfer/Models/TransferReport.swift */,
				8A0000452FE1000000000001 /* FishSockTransfer/Models/TransferState.swift */,
				8A0000462FE1000000000001 /* FishSockTransfer/Models/VerificationMode.swift */,
				8A0000472FE1000000000001 /* FishSockTransfer/Models/VerificationResult.swift */,
				8A0000482FE1000000000001 /* FishSockTransfer/Models/TransferFileExclusionPolicy.swift */,
				8A0000492FE1000000000001 /* FishSockTransfer/Services/BundledRsyncService.swift */,
				8A00004A2FE1000000000001 /* FishSockTransfer/Models/StorageMetadata.swift */,
				8A00004B2FE1000000000001 /* FishSockTransfer/Models/VerificationRequest.swift */,
				8A00004C2FE1000000000001 /* FishSockTransfer/Engines/VerificationEvent.swift */,
				8A00004D2FE1000000000001 /* FishSockTransfer/Engines/VerifyEngine.swift */,
				8A00004E2FE1000000000001 /* FishSockTransfer/Services/DriveService.swift */,
				8A00004F2FE1000000000001 /* FishSockTransfer/Engines/TransferEvent.swift */,
				8A0000502FE1000000000001 /* FishSockTransfer/Models/LogEntry.swift */,
				8A0000512FE1000000000001 /* FishSockTransfer/Models/TransferRequest.swift */,
				8A0000522FE1000000000001 /* FishSockTransfer/Services/LoggerService.swift */,
				8A0000532FE1000000000001 /* FishSockTransfer/Engines/RsyncEngine.swift */,
				8A0000542FE1000000000001 /* FishSockTransfer/Coordinators/TransferCoordinator.swift */,
				8A0000552FE1000000000001 /* FishSockTransfer/ViewModels/TransferViewModel.swift */,
				8A0000572FE1000000000001 /* FishSockTransfer/Models/LogVisibilityFilter.swift */,
				8A0000592FE1000000000001 /* FishSockTransfer/Models/NotificationSettings.swift */,
				8A00005A2FE1000000000001 /* FishSockTransfer/Services/TelegramNotificationService.swift */,
				8A00005B2FE1000000000001 /* FishSockTransfer/Coordinators/NotificationCoordinator.swift */,
				8A00005E2FE1000000000001 /* FishSockTransfer/Models/SemanticVersion.swift */,
				8A00005F2FE1000000000001 /* FishSockTransfer/Models/AppUpdateState.swift */,
				8A0000602FE1000000000001 /* FishSockTransfer/Models/GitHubRelease.swift */,
				8A0000612FE1000000000001 /* FishSockTransfer/Services/AppUpdateService.swift */,
			);
			name = "Test Support Sources";
			sourceTree = "<group>";
		};
/* End PBXGroup section */

/* Begin PBXNativeTarget section */
		7D9475BE2FDF1FF300F41AE2 /* FishSockTransfer */ = {
			isa = PBXNativeTarget;
			buildConfigurationList = 7D9475CA2FDF1FF400F41AE2 /* Build configuration list for PBXNativeTarget "FishSockTransfer" */;
			buildPhases = (
				7D9475BB2FDF1FF300F41AE2 /* Sources */,
				7D9475BC2FDF1FF300F41AE2 /* Frameworks */,
				7D9475BD2FDF1FF300F41AE2 /* Resources */,
				7D9475CD2FDF280000F41AE2 /* Copy Bundled Rsync Dylibs */,
			);
			buildRules = (
			);
			dependencies = (
			);
			fileSystemSynchronizedGroups = (
				7D9475C12FDF1FF300F41AE2 /* FishSockTransfer */,
			);
			name = FishSockTransfer;
			packageProductDependencies = (
			);
			productName = FishSockTransfer;
			productReference = 7D9475BF2FDF1FF300F41AE2 /* FishSockTransfer.app */;
			productType = "com.apple.product-type.application";
		};
		8A0000022FE1000000000001 /* FishSockTransferTests */ = {
			isa = PBXNativeTarget;
			buildConfigurationList = 8A0000082FE1000000000001 /* Build configuration list for PBXNativeTarget "FishSockTransferTests" */;
			buildPhases = (
				8A0000042FE1000000000001 /* Sources */,
				8A0000032FE1000000000001 /* Frameworks */,
				8A0000052FE1000000000001 /* Resources */,
			);
			buildRules = (
			);
			dependencies = (
			);
			name = FishSockTransferTests;
			packageProductDependencies = (
			);
			productName = FishSockTransferTests;
			productReference = 8A0000012FE1000000000001 /* FishSockTransferTests.xctest */;
			productType = "com.apple.product-type.bundle.unit-test";
		};
/* End PBXNativeTarget section */

/* Begin PBXProject section */
		7D9475B72FDF1FF300F41AE2 /* Project object */ = {
			isa = PBXProject;
			attributes = {
				BuildIndependentTargetsInParallel = 1;
				LastSwiftUpdateCheck = 2630;
				LastUpgradeCheck = 2630;
				TargetAttributes = {
					7D9475BE2FDF1FF300F41AE2 = {
						CreatedOnToolsVersion = 26.3;
					};
					8A0000022FE1000000000001 = {
						CreatedOnToolsVersion = 26.3;
					};
				};
			};
			buildConfigurationList = 7D9475BA2FDF1FF300F41AE2 /* Build configuration list for PBXProject "FishSockTransfer" */;
			developmentRegion = en;
			hasScannedForEncodings = 0;
			knownRegions = (
				en,
				Base,
			);
			mainGroup = 7D9475B62FDF1FF300F41AE2;
			minimizedProjectReferenceProxies = 1;
			preferredProjectObjectVersion = 77;
			productRefGroup = 7D9475C02FDF1FF300F41AE2 /* Products */;
			projectDirPath = "";
			projectRoot = "";
			targets = (
				7D9475BE2FDF1FF300F41AE2 /* FishSockTransfer */,
				8A0000022FE1000000000001 /* FishSockTransferTests */,
			);
		};
/* End PBXProject section */

/* Begin PBXResourcesBuildPhase section */
		7D9475BD2FDF1FF300F41AE2 /* Resources */ = {
			isa = PBXResourcesBuildPhase;
			buildActionMask = 2147483647;
			files = (
			);
			runOnlyForDeploymentPostprocessing = 0;
		};
		8A0000052FE1000000000001 /* Resources */ = {
			isa = PBXResourcesBuildPhase;
			buildActionMask = 2147483647;
			files = (
			);
			runOnlyForDeploymentPostprocessing = 0;
		};
/* End PBXResourcesBuildPhase section */

/* Begin PBXShellScriptBuildPhase section */
		7D9475CD2FDF280000F41AE2 /* Copy Bundled Rsync Dylibs */ = {
			isa = PBXShellScriptBuildPhase;
			buildActionMask = 2147483647;
			files = (
			);
			inputFileListPaths = (
			);
			inputPaths = (
				"$(SRCROOT)/FishSockTransfer/libpopt.0.dylib",
				"$(SRCROOT)/FishSockTransfer/liblz4.1.dylib",
				"$(SRCROOT)/FishSockTransfer/libzstd.1.dylib",
				"$(SRCROOT)/FishSockTransfer/libxxhash.0.dylib",
				"$(SRCROOT)/FishSockTransfer/libcrypto.3.dylib",
			);
			name = "Copy Bundled Rsync Dylibs";
			outputFileListPaths = (
			);
			outputPaths = (
				"$(TARGET_BUILD_DIR)/$(UNLOCALIZED_RESOURCES_FOLDER_PATH)/libpopt.0.dylib",
				"$(TARGET_BUILD_DIR)/$(UNLOCALIZED_RESOURCES_FOLDER_PATH)/liblz4.1.dylib",
				"$(TARGET_BUILD_DIR)/$(UNLOCALIZED_RESOURCES_FOLDER_PATH)/libzstd.1.dylib",
				"$(TARGET_BUILD_DIR)/$(UNLOCALIZED_RESOURCES_FOLDER_PATH)/libxxhash.0.dylib",
				"$(TARGET_BUILD_DIR)/$(UNLOCALIZED_RESOURCES_FOLDER_PATH)/libcrypto.3.dylib",
			);
			runOnlyForDeploymentPostprocessing = 0;
			shellPath = /bin/sh;
			shellScript = "set -euo pipefail\n\nlibraries=(\n  libpopt.0.dylib\n  liblz4.1.dylib\n  libzstd.1.dylib\n  libxxhash.0.dylib\n  libcrypto.3.dylib\n)\n\nresources_dir=\"${TARGET_BUILD_DIR}/${UNLOCALIZED_RESOURCES_FOLDER_PATH}\"\nmkdir -p \"${resources_dir}\"\n\nfor library in \"${libraries[@]}\"; do\n  source_path=\"${SRCROOT}/FishSockTransfer/${library}\"\n  destination_path=\"${resources_dir}/${library}\"\n  cp -f \"${source_path}\" \"${destination_path}\"\ndone\n";
		};
/* End PBXShellScriptBuildPhase section */

/* Begin PBXSourcesBuildPhase section */
		7D9475BB2FDF1FF300F41AE2 /* Sources */ = {
			isa = PBXSourcesBuildPhase;
			buildActionMask = 2147483647;
			files = (
			);
			runOnlyForDeploymentPostprocessing = 0;
		};
		8A0000042FE1000000000001 /* Sources */ = {
			isa = PBXSourcesBuildPhase;
			buildActionMask = 2147483647;
			files = (
				8A0001012FE1000000000001 /* RsyncBandwidthLimitXCTests.swift in Sources */,
				8A0001022FE1000000000001 /* ProgressParserXCTests.swift in Sources */,
				8A0001032FE1000000000001 /* ReportEngineXCTests.swift in Sources */,
				8A0001042FE1000000000001 /* BundledRsyncServiceXCTests.swift in Sources */,
				8A0001052FE1000000000001 /* MetadataOnlySourceSafetyXCTests.swift in Sources */,
				8A0001062FE1000000000001 /* VerificationHashStrategyXCTests.swift in Sources */,
				8A0001072FE1000000000001 /* TransferViewModelRuntimeXCTests.swift in Sources */,
				8A0001212FE1000000000001 /* FishSockTransfer/Models/RsyncBandwidthLimit.swift in Sources */,
				8A0001222FE1000000000001 /* FishSockTransfer/Engines/ProgressParser.swift in Sources */,
				8A0001232FE1000000000001 /* FishSockTransfer/Engines/ReportEngine.swift in Sources */,
				8A0001242FE1000000000001 /* FishSockTransfer/Models/TransferReport.swift in Sources */,
				8A0001252FE1000000000001 /* FishSockTransfer/Models/TransferState.swift in Sources */,
				8A0001262FE1000000000001 /* FishSockTransfer/Models/VerificationMode.swift in Sources */,
				8A0001272FE1000000000001 /* FishSockTransfer/Models/VerificationResult.swift in Sources */,
				8A0001282FE1000000000001 /* FishSockTransfer/Models/TransferFileExclusionPolicy.swift in Sources */,
				8A0001292FE1000000000001 /* FishSockTransfer/Services/BundledRsyncService.swift in Sources */,
				8A00012A2FE1000000000001 /* FishSockTransfer/Models/StorageMetadata.swift in Sources */,
				8A00012B2FE1000000000001 /* FishSockTransfer/Models/VerificationRequest.swift in Sources */,
				8A00012C2FE1000000000001 /* FishSockTransfer/Engines/VerificationEvent.swift in Sources */,
				8A00012D2FE1000000000001 /* FishSockTransfer/Engines/VerifyEngine.swift in Sources */,
				8A00012E2FE1000000000001 /* FishSockTransfer/Services/DriveService.swift in Sources */,
				8A00012F2FE1000000000001 /* FishSockTransfer/Engines/TransferEvent.swift in Sources */,
				8A0001302FE1000000000001 /* FishSockTransfer/Models/LogEntry.swift in Sources */,
				8A0001312FE1000000000001 /* FishSockTransfer/Models/TransferRequest.swift in Sources */,
				8A0001322FE1000000000001 /* FishSockTransfer/Services/LoggerService.swift in Sources */,
				8A0001332FE1000000000001 /* FishSockTransfer/Engines/RsyncEngine.swift in Sources */,
				8A0001342FE1000000000001 /* FishSockTransfer/Coordinators/TransferCoordinator.swift in Sources */,
				8A0001352FE1000000000001 /* FishSockTransfer/ViewModels/TransferViewModel.swift in Sources */,
				8A0001362FE1000000000001 /* LogVisibilityFilterXCTests.swift in Sources */,
				8A0001372FE1000000000001 /* FishSockTransfer/Models/LogVisibilityFilter.swift in Sources */,
				8A0001382FE1000000000001 /* NotificationCoordinatorXCTests.swift in Sources */,
				8A0001392FE1000000000001 /* FishSockTransfer/Models/NotificationSettings.swift in Sources */,
				8A00013A2FE1000000000001 /* FishSockTransfer/Services/TelegramNotificationService.swift in Sources */,
				8A00013B2FE1000000000001 /* FishSockTransfer/Coordinators/NotificationCoordinator.swift in Sources */,
				8A00013C2FE1000000000001 /* SemanticVersionXCTests.swift in Sources */,
				8A00013D2FE1000000000001 /* AppUpdateServiceXCTests.swift in Sources */,
				8A00013E2FE1000000000001 /* FishSockTransfer/Models/SemanticVersion.swift in Sources */,
				8A00013F2FE1000000000001 /* FishSockTransfer/Models/AppUpdateState.swift in Sources */,
				8A0001402FE1000000000001 /* FishSockTransfer/Models/GitHubRelease.swift in Sources */,
				8A0001412FE1000000000001 /* FishSockTransfer/Services/AppUpdateService.swift in Sources */,
			);
			runOnlyForDeploymentPostprocessing = 0;
		};
/* End PBXSourcesBuildPhase section */

/* Begin XCBuildConfiguration section */
		7D9475C82FDF1FF400F41AE2 /* Debug */ = {
			isa = XCBuildConfiguration;
			buildSettings = {
				ALWAYS_SEARCH_USER_PATHS = NO;
				ASSETCATALOG_COMPILER_GENERATE_SWIFT_ASSET_SYMBOL_EXTENSIONS = YES;
				CLANG_ANALYZER_NONNULL = YES;
				CLANG_ANALYZER_NUMBER_OBJECT_CONVERSION = YES_AGGRESSIVE;
				CLANG_CXX_LANGUAGE_STANDARD = "gnu++20";
				CLANG_ENABLE_MODULES = YES;
				CLANG_ENABLE_OBJC_ARC = YES;
				CLANG_ENABLE_OBJC_WEAK = YES;
				CLANG_WARN_BLOCK_CAPTURE_AUTORELEASING = YES;
				CLANG_WARN_BOOL_CONVERSION = YES;
				CLANG_WARN_COMMA = YES;
				CLANG_WARN_CONSTANT_CONVERSION = YES;
				CLANG_WARN_DEPRECATED_OBJC_IMPLEMENTATIONS = YES;
				CLANG_WARN_DIRECT_OBJC_ISA_USAGE = YES_ERROR;
				CLANG_WARN_DOCUMENTATION_COMMENTS = YES;
				CLANG_WARN_EMPTY_BODY = YES;
				CLANG_WARN_ENUM_CONVERSION = YES;
				CLANG_WARN_INFINITE_RECURSION = YES;
				CLANG_WARN_INT_CONVERSION = YES;
				CLANG_WARN_NON_LITERAL_NULL_CONVERSION = YES;
				CLANG_WARN_OBJC_IMPLICIT_RETAIN_SELF = YES;
				CLANG_WARN_OBJC_LITERAL_CONVERSION = YES;
				CLANG_WARN_OBJC_ROOT_CLASS = YES_ERROR;
				CLANG_WARN_QUOTED_INCLUDE_IN_FRAMEWORK_HEADER = YES;
				CLANG_WARN_RANGE_LOOP_ANALYSIS = YES;
				CLANG_WARN_STRICT_PROTOTYPES = YES;
				CLANG_WARN_SUSPICIOUS_MOVE = YES;
				CLANG_WARN_UNGUARDED_AVAILABILITY = YES_AGGRESSIVE;
				CLANG_WARN_UNREACHABLE_CODE = YES;
				CLANG_WARN__DUPLICATE_METHOD_MATCH = YES;
				COPY_PHASE_STRIP = NO;
				DEBUG_INFORMATION_FORMAT = dwarf;
				ENABLE_STRICT_OBJC_MSGSEND = YES;
				ENABLE_TESTABILITY = YES;
				ENABLE_USER_SCRIPT_SANDBOXING = YES;
				GCC_C_LANGUAGE_STANDARD = gnu17;
				GCC_DYNAMIC_NO_PIC = NO;
				GCC_NO_COMMON_BLOCKS = YES;
				GCC_OPTIMIZATION_LEVEL = 0;
				GCC_PREPROCESSOR_DEFINITIONS = (
					"DEBUG=1",
					"$(inherited)",
				);
				GCC_WARN_64_TO_32_BIT_CONVERSION = YES;
				GCC_WARN_ABOUT_RETURN_TYPE = YES_ERROR;
				GCC_WARN_UNDECLARED_SELECTOR = YES;
				GCC_WARN_UNINITIALIZED_AUTOS = YES_AGGRESSIVE;
				GCC_WARN_UNUSED_FUNCTION = YES;
				GCC_WARN_UNUSED_VARIABLE = YES;
				LOCALIZATION_PREFERS_STRING_CATALOGS = YES;
				MACOSX_DEPLOYMENT_TARGET = 15.7;
				MTL_ENABLE_DEBUG_INFO = INCLUDE_SOURCE;
				MTL_FAST_MATH = YES;
				ONLY_ACTIVE_ARCH = YES;
				SDKROOT = macosx;
				SWIFT_ACTIVE_COMPILATION_CONDITIONS = "DEBUG $(inherited)";
				SWIFT_OPTIMIZATION_LEVEL = "-Onone";
			};
			name = Debug;
		};
		7D9475C92FDF1FF400F41AE2 /* Release */ = {
			isa = XCBuildConfiguration;
			buildSettings = {
				ALWAYS_SEARCH_USER_PATHS = NO;
				ASSETCATALOG_COMPILER_GENERATE_SWIFT_ASSET_SYMBOL_EXTENSIONS = YES;
				CLANG_ANALYZER_NONNULL = YES;
				CLANG_ANALYZER_NUMBER_OBJECT_CONVERSION = YES_AGGRESSIVE;
				CLANG_CXX_LANGUAGE_STANDARD = "gnu++20";
				CLANG_ENABLE_MODULES = YES;
				CLANG_ENABLE_OBJC_ARC = YES;
				CLANG_ENABLE_OBJC_WEAK = YES;
				CLANG_WARN_BLOCK_CAPTURE_AUTORELEASING = YES;
				CLANG_WARN_BOOL_CONVERSION = YES;
				CLANG_WARN_COMMA = YES;
				CLANG_WARN_CONSTANT_CONVERSION = YES;
				CLANG_WARN_DEPRECATED_OBJC_IMPLEMENTATIONS = YES;
				CLANG_WARN_DIRECT_OBJC_ISA_USAGE = YES_ERROR;
				CLANG_WARN_DOCUMENTATION_COMMENTS = YES;
				CLANG_WARN_EMPTY_BODY = YES;
				CLANG_WARN_ENUM_CONVERSION = YES;
				CLANG_WARN_INFINITE_RECURSION = YES;
				CLANG_WARN_INT_CONVERSION = YES;
				CLANG_WARN_NON_LITERAL_NULL_CONVERSION = YES;
				CLANG_WARN_OBJC_IMPLICIT_RETAIN_SELF = YES;
				CLANG_WARN_OBJC_LITERAL_CONVERSION = YES;
				CLANG_WARN_OBJC_ROOT_CLASS = YES_ERROR;
				CLANG_WARN_QUOTED_INCLUDE_IN_FRAMEWORK_HEADER = YES;
				CLANG_WARN_RANGE_LOOP_ANALYSIS = YES;
				CLANG_WARN_STRICT_PROTOTYPES = YES;
				CLANG_WARN_SUSPICIOUS_MOVE = YES;
				CLANG_WARN_UNGUARDED_AVAILABILITY = YES_AGGRESSIVE;
				CLANG_WARN_UNREACHABLE_CODE = YES;
				CLANG_WARN__DUPLICATE_METHOD_MATCH = YES;
				COPY_PHASE_STRIP = NO;
				DEBUG_INFORMATION_FORMAT = "dwarf-with-dsym";
				ENABLE_NS_ASSERTIONS = NO;
				ENABLE_STRICT_OBJC_MSGSEND = YES;
				ENABLE_USER_SCRIPT_SANDBOXING = YES;
				GCC_C_LANGUAGE_STANDARD = gnu17;
				GCC_NO_COMMON_BLOCKS = YES;
				GCC_WARN_64_TO_32_BIT_CONVERSION = YES;
				GCC_WARN_ABOUT_RETURN_TYPE = YES_ERROR;
				GCC_WARN_UNDECLARED_SELECTOR = YES;
				GCC_WARN_UNINITIALIZED_AUTOS = YES_AGGRESSIVE;
				GCC_WARN_UNUSED_FUNCTION = YES;
				GCC_WARN_UNUSED_VARIABLE = YES;
				LOCALIZATION_PREFERS_STRING_CATALOGS = YES;
				MACOSX_DEPLOYMENT_TARGET = 15.7;
				MTL_ENABLE_DEBUG_INFO = NO;
				MTL_FAST_MATH = YES;
				SDKROOT = macosx;
				SWIFT_COMPILATION_MODE = wholemodule;
			};
			name = Release;
		};
		7D9475CB2FDF1FF400F41AE2 /* Debug */ = {
			isa = XCBuildConfiguration;
			buildSettings = {
				ASSETCATALOG_COMPILER_APPICON_NAME = AppIcon;
				ASSETCATALOG_COMPILER_GLOBAL_ACCENT_COLOR_NAME = AccentColor;
				CODE_SIGN_STYLE = Automatic;
				COMBINE_HIDPI_IMAGES = YES;
				CURRENT_PROJECT_VERSION = 20260705;
				ENABLE_APP_SANDBOX = YES;
				ENABLE_OUTGOING_NETWORK_CONNECTIONS = YES;
				ENABLE_PREVIEWS = YES;
				ENABLE_USER_SELECTED_FILES = readwrite;
				EXCLUDED_SOURCE_FILE_NAMES = "lib*.dylib";
				GENERATE_INFOPLIST_FILE = YES;
				INFOPLIST_KEY_NSHumanReadableCopyright = "";
				LD_RUNPATH_SEARCH_PATHS = (
					"$(inherited)",
					"@executable_path/../Frameworks",
				);
				LIBRARY_SEARCH_PATHS = (
					"$(inherited)",
					"$(PROJECT_DIR)/FishSockTransfer",
				);
				MACOSX_DEPLOYMENT_TARGET = 13.5;
				MARKETING_VERSION = 1.3;
				PRODUCT_BUNDLE_IDENTIFIER = com.cen.FishSockTransfer;
				PRODUCT_NAME = "$(TARGET_NAME)";
				REGISTER_APP_GROUPS = YES;
				STRING_CATALOG_GENERATE_SYMBOLS = YES;
				SWIFT_APPROACHABLE_CONCURRENCY = YES;
				SWIFT_DEFAULT_ACTOR_ISOLATION = MainActor;
				SWIFT_EMIT_LOC_STRINGS = YES;
				SWIFT_UPCOMING_FEATURE_MEMBER_IMPORT_VISIBILITY = YES;
				SWIFT_VERSION = 5.0;
			};
			name = Debug;
		};
		7D9475CC2FDF1FF400F41AE2 /* Release */ = {
			isa = XCBuildConfiguration;
			buildSettings = {
				ASSETCATALOG_COMPILER_APPICON_NAME = AppIcon;
				ASSETCATALOG_COMPILER_GLOBAL_ACCENT_COLOR_NAME = AccentColor;
				CODE_SIGN_STYLE = Automatic;
				COMBINE_HIDPI_IMAGES = YES;
				CURRENT_PROJECT_VERSION = 20260705;
				ENABLE_APP_SANDBOX = YES;
				ENABLE_OUTGOING_NETWORK_CONNECTIONS = YES;
				ENABLE_PREVIEWS = YES;
				ENABLE_USER_SELECTED_FILES = readwrite;
				EXCLUDED_SOURCE_FILE_NAMES = "lib*.dylib";
				GENERATE_INFOPLIST_FILE = YES;
				INFOPLIST_KEY_NSHumanReadableCopyright = "";
				LD_RUNPATH_SEARCH_PATHS = (
					"$(inherited)",
					"@executable_path/../Frameworks",
				);
				LIBRARY_SEARCH_PATHS = (
					"$(inherited)",
					"$(PROJECT_DIR)/FishSockTransfer",
				);
				MACOSX_DEPLOYMENT_TARGET = 13.5;
				MARKETING_VERSION = 1.3;
				PRODUCT_BUNDLE_IDENTIFIER = com.cen.FishSockTransfer;
				PRODUCT_NAME = "$(TARGET_NAME)";
				REGISTER_APP_GROUPS = YES;
				STRING_CATALOG_GENERATE_SYMBOLS = YES;
				SWIFT_APPROACHABLE_CONCURRENCY = YES;
				SWIFT_DEFAULT_ACTOR_ISOLATION = MainActor;
				SWIFT_EMIT_LOC_STRINGS = YES;
				SWIFT_UPCOMING_FEATURE_MEMBER_IMPORT_VISIBILITY = YES;
				SWIFT_VERSION = 5.0;
			};
			name = Release;
		};
		8A0000062FE1000000000001 /* Debug */ = {
			isa = XCBuildConfiguration;
			buildSettings = {
				CODE_SIGN_STYLE = Automatic;
				GENERATE_INFOPLIST_FILE = YES;
				LD_RUNPATH_SEARCH_PATHS = (
					"$(inherited)",
					"@loader_path/../Frameworks",
				);
				MACOSX_DEPLOYMENT_TARGET = 13.5;
				PRODUCT_BUNDLE_IDENTIFIER = com.cen.FishSockTransferTests;
				PRODUCT_NAME = "$(TARGET_NAME)";
				SWIFT_VERSION = 5.0;
			};
			name = Debug;
		};
		8A0000072FE1000000000001 /* Release */ = {
			isa = XCBuildConfiguration;
			buildSettings = {
				CODE_SIGN_STYLE = Automatic;
				GENERATE_INFOPLIST_FILE = YES;
				LD_RUNPATH_SEARCH_PATHS = (
					"$(inherited)",
					"@loader_path/../Frameworks",
				);
				MACOSX_DEPLOYMENT_TARGET = 13.5;
				PRODUCT_BUNDLE_IDENTIFIER = com.cen.FishSockTransferTests;
				PRODUCT_NAME = "$(TARGET_NAME)";
				SWIFT_VERSION = 5.0;
			};
			name = Release;
		};
/* End XCBuildConfiguration section */

/* Begin XCConfigurationList section */
		7D9475BA2FDF1FF300F41AE2 /* Build configuration list for PBXProject "FishSockTransfer" */ = {
			isa = XCConfigurationList;
			buildConfigurations = (
				7D9475C82FDF1FF400F41AE2 /* Debug */,
				7D9475C92FDF1FF400F41AE2 /* Release */,
			);
			defaultConfigurationIsVisible = 0;
			defaultConfigurationName = Release;
		};
		7D9475CA2FDF1FF400F41AE2 /* Build configuration list for PBXNativeTarget "FishSockTransfer" */ = {
			isa = XCConfigurationList;
			buildConfigurations = (
				7D9475CB2FDF1FF400F41AE2 /* Debug */,
				7D9475CC2FDF1FF400F41AE2 /* Release */,
			);
			defaultConfigurationIsVisible = 0;
			defaultConfigurationName = Release;
		};
		8A0000082FE1000000000001 /* Build configuration list for PBXNativeTarget "FishSockTransferTests" */ = {
			isa = XCConfigurationList;
			buildConfigurations = (
				8A0000062FE1000000000001 /* Debug */,
				8A0000072FE1000000000001 /* Release */,
			);
			defaultConfigurationIsVisible = 0;
			defaultConfigurationName = Release;
		};
/* End XCConfigurationList section */
	};
	rootObject = 7D9475B72FDF1FF300F41AE2 /* Project object */;
}
